
Microsoft Visual Studio Solution File, Format Version 12.00
# Visual Studio Version 16
VisualStudioVersion = 16.0.30804.86
MinimumVisualStudioVersion = 10.0.40219.1
Project("{9A19103F-16F7-4668-BE54-9A1E7A4F7556}") = "Toolbox.Core", "Toolbox.Core\Toolbox.Core.csproj", "{F03F9FA9-2459-4B63-9FDA-3B3E074C9A0F}"
EndProject
Project("{FAE04EC0-301F-11D3-BF4B-00C04F79EFBC}") = "Toolbox.Core.Test", "Toolbox.Core.Test\Toolbox.Core.Test.csproj", "{0A2CB43B-7C53-4A55-9FFD-78A145759602}"
EndProject
Global
	GlobalSection(SolutionConfigurationPlatforms) = preSolution
		Debug|Any CPU = Debug|Any CPU
		Release|Any CPU = Release|Any CPU
	EndGlobalSection
	GlobalSection(ProjectConfigurationPlatforms) = postSolution
		{F03F9FA9-2459-4B63-9FDA-3B3E074C9A0F}.Debug|Any CPU.ActiveCfg = Debug|Any CPU
		{F03F9FA9-2459-4B63-9FDA-3B3E074C9A0F}.Debug|Any CPU.Build.0 = Debug|Any CPU
		{F03F9FA9-2459-4B63-9FDA-3B3E074C9A0F}.Release|Any CPU.ActiveCfg = Release|Any CPU
		{F03F9FA9-2459-4B63-9FDA-3B3E074C9A0F}.Release|Any CPU.Build.0 = Release|Any CPU
		{0A2CB43B-7C53-4A55-9FFD-78A145759602}.Debug|Any CPU.ActiveCfg = Debug|Any CPU
		{0A2CB43B-7C53-4A55-9FFD-78A145759602}.Debug|Any CPU.Build.0 = Debug|Any CPU
		{0A2CB43B-7C53-4A55-9FFD-78A145759602}.Release|Any CPU.ActiveCfg = Release|Any CPU
		{0A2CB43B-7C53-4A55-9FFD-78A145759602}.Release|Any CPU.Build.0 = Release|Any CPU
	EndGlobalSection
	GlobalSection(SolutionProperties) = preSolution
		HideSolutionNode = FALSE
	EndGlobalSection
	GlobalSection(ExtensibilityGlobals) = postSolution
		SolutionGuid = {AB038017-C87F-4462-897B-FDCD09DF66AD}
	EndGlobalSection
EndGlobal
